
Microsoft Visual Studio Solution File, Format Version 12.00
# Visual Studio Version 17
VisualStudioVersion = 17.7.33808.371
MinimumVisualStudioVersion = 10.0.40219.1
Project("{8BC9CEB8-8B4A-11D0-8D11-00A0C91BC942}") = "14(6)", "14(6)\14(6).vcxproj", "{267AF577-6D8C-46CD-95CB-532DC0851FBE}"
EndProject
Global
	GlobalSection(SolutionConfigurationPlatforms) = preSolution
		Debug|x64 = Debug|x64
		Debug|x86 = Debug|x86
		Release|x64 = Release|x64
		Release|x86 = Release|x86
	EndGlobalSection
	GlobalSection(ProjectConfigurationPlatforms) = postSolution
		{267AF577-6D8C-46CD-95CB-532DC0851FBE}.Debug|x64.ActiveCfg = Debug|x64
		{267AF577-6D8C-46CD-95CB-532DC0851FBE}.Debug|x64.Build.0 = Debug|x64
		{267AF577-6D8C-46CD-95CB-532DC0851FBE}.Debug|x86.ActiveCfg = Debug|Win32
		{267AF577-6D8C-46CD-95CB-532DC0851FBE}.Debug|x86.Build.0 = Debug|Win32
		{267AF577-6D8C-46CD-95CB-532DC0851FBE}.Release|x64.ActiveCfg = Release|x64
		{267AF577-6D8C-46CD-95CB-532DC0851FBE}.Release|x64.Build.0 = Release|x64
		{267AF577-6D8C-46CD-95CB-532DC0851FBE}.Release|x86.ActiveCfg = Release|Win32
		{267AF577-6D8C-46CD-95CB-532DC0851FBE}.Release|x86.Build.0 = Release|Win32
	EndGlobalSection
	GlobalSection(SolutionProperties) = preSolution
		HideSolutionNode = FALSE
	EndGlobalSection
	GlobalSection(ExtensibilityGlobals) = postSolution
		SolutionGuid = {C24844E1-6267-48DB-8422-E4C699AD5741}
	EndGlobalSection
EndGlobal
